<Solution>
  <Project Path="ForCodeGenerator/ForCodeGenerator.csproj" Id="cb74e022-6a5b-4c01-948a-1b74a4fb2b0f" />
  <Project Path="InfraTest/InfraTest.csproj" Id="dec1f4f8-b4e5-4eaa-815b-803228b913eb" />
  <Project Path="SMS.Application/SMS.Application.csproj" Id="5d275779-eaf6-479f-913a-f019c5c6082d" />
  <Project Path="SMS.Domain/SMS.Domain.csproj" />
  <Project Path="SMS.Infrastructure/SMS.Infrastructure.csproj" />
  <Project Path="SMS.WebAPI/SMS.WebAPI.csproj" />
</Solution>
